
Microsoft Visual Studio Solution File, Format Version 12.00
# Visual Studio Version 16
VisualStudioVersion = 16.0.31605.320
MinimumVisualStudioVersion = 10.0.40219.1
Project("{FAE04EC0-301F-11D3-BF4B-00C04F79EFBC}") = "Testing", "Testing\Testing.csproj", "{36182FBA-F35A-4B63-8C66-3AC0C943159F}"
EndProject
Global
	GlobalSection(SolutionConfigurationPlatforms) = preSolution
		Debug|Any CPU = Debug|Any CPU
		Release|Any CPU = Release|Any CPU
	EndGlobalSection
	GlobalSection(ProjectConfigurationPlatforms) = postSolution
		{36182FBA-F35A-4B63-8C66-3AC0C943159F}.Debug|Any CPU.ActiveCfg = Debug|Any CPU
		{36182FBA-F35A-4B63-8C66-3AC0C943159F}.Debug|Any CPU.Build.0 = Debug|Any CPU
		{36182FBA-F35A-4B63-8C66-3AC0C943159F}.Release|Any CPU.ActiveCfg = Release|Any CPU
		{36182FBA-F35A-4B63-8C66-3AC0C943159F}.Release|Any CPU.Build.0 = Release|Any CPU
	EndGlobalSection
	GlobalSection(SolutionProperties) = preSolution
		HideSolutionNode = FALSE
	EndGlobalSection
	GlobalSection(ExtensibilityGlobals) = postSolution
		SolutionGuid = {477CCCE1-9552-4E12-9492-C5545247CFE0}
	EndGlobalSection
EndGlobal
